
Microsoft Visual Studio Solution File, Format Version 12.00
# Visual Studio Version 16
VisualStudioVersion = 16.0.30804.86
MinimumVisualStudioVersion = 10.0.40219.1
Project("{FAE04EC0-301F-11D3-BF4B-00C04F79EFBC}") = "Local Crypto Bot", "Local Crypto Bot\Local Crypto Bot.csproj", "{11F0BC4A-57E5-402D-94DB-D1C0FEEF6448}"
EndProject
Global
	GlobalSection(SolutionConfigurationPlatforms) = preSolution
		Debug|Any CPU = Debug|Any CPU
		Release|Any CPU = Release|Any CPU
	EndGlobalSection
	GlobalSection(ProjectConfigurationPlatforms) = postSolution
		{11F0BC4A-57E5-402D-94DB-D1C0FEEF6448}.Debug|Any CPU.ActiveCfg = Debug|Any CPU
		{11F0BC4A-57E5-402D-94DB-D1C0FEEF6448}.Debug|Any CPU.Build.0 = Debug|Any CPU
		{11F0BC4A-57E5-402D-94DB-D1C0FEEF6448}.Release|Any CPU.ActiveCfg = Release|Any CPU
		{11F0BC4A-57E5-402D-94DB-D1C0FEEF6448}.Release|Any CPU.Build.0 = Release|Any CPU
	EndGlobalSection
	GlobalSection(SolutionProperties) = preSolution
		HideSolutionNode = FALSE
	EndGlobalSection
	GlobalSection(ExtensibilityGlobals) = postSolution
		SolutionGuid = {E794F7B5-4E4A-4FB6-B90E-48580E9A726A}
	EndGlobalSection
EndGlobal
